// !$*UTF8*$!
{
	archiveVersion = 1;
	classes = {
	};
	objectVersion = 50;
	objects = {

/* Begin PBXBuildFile section */
		492FE07420A9E24A0012A71A /* AppDelegate.swift in Sources */ = {isa = PBXBuildFile; fileRef = 492FE07320A9E24A0012A71A /* AppDelegate.swift */; };
		492FE07620A9E24A0012A71A /* ViewController.swift in Sources */ = {isa = PBXBuildFile; fileRef = 492FE07520A9E24A0012A71A /* ViewController.swift */; };
		492FE07920A9E24A0012A71A /* Main.storyboard in Resources */ = {isa = PBXBuildFile; fileRef = 492FE07720A9E24A0012A71A /* Main.storyboard */; };
		492FE07B20A9E24B0012A71A /* Assets.xcassets in Resources */ = {isa = PBXBuildFile; fileRef = 492FE07A20A9E24B0012A71A /* Assets.xcassets */; };
		492FE07E20A9E24B0012A71A /* LaunchScreen.storyboard in Resources */ = {isa = PBXBuildFile; fileRef = 492FE07C20A9E24B0012A71A /* LaunchScreen.storyboard */; };
		497A88D720ADD8D300116CBC /* HistoricalEvents.plist in Resources */ = {isa = PBXBuildFile; fileRef = 497A88D620ADD8D300116CBC /* HistoricalEvents.plist */; };
		497A88D920ADF55D00116CBC /* GameManager.swift in Sources */ = {isa = PBXBuildFile; fileRef = 497A88D820ADF55D00116CBC /* GameManager.swift */; };
		497A88DB20ADF57100116CBC /* PlistConverter.swift in Sources */ = {isa = PBXBuildFile; fileRef = 497A88DA20ADF57100116CBC /* PlistConverter.swift */; };
/* End PBXBuildFile section */

/* Begin PBXFileReference section */
		492FE07020A9E24A0012A71A /* Bout Time.app */ = {isa = PBXFileReference; explicitFileType = wrapper.application; includeInIndex = 0; path = "Bout Time.app"; sourceTree = BUILT_PRODUCTS_DIR; };
		492FE07320A9E24A0012A71A /* AppDelegate.swift */ = {isa = PBXFileReference; lastKnownFileType = sourcecode.swift; path = AppDelegate.swift; sourceTree = "<group>"; };
		492FE07520A9E24A0012A71A /* ViewController.swift */ = {isa = PBXFileReference; lastKnownFileType = sourcecode.swift; path = ViewController.swift; sourceTree = "<group>"; };
		492FE07820A9E24A0012A71A /* Base */ = {isa = PBXFileReference; lastKnownFileType = file.storyboard; name = Base; path = Base.lproj/Main.storyboard; sourceTree = "<group>"; };
		492FE07A20A9E24B0012A71A /* Assets.xcassets */ = {isa = PBXFileReference; lastKnownFileType = folder.assetcatalog; path = Assets.xcassets; sourceTree = "<group>"; };
		492FE07D20A9E24B0012A71A /* Base */ = {isa = PBXFileReference; lastKnownFileType = file.storyboard; name = Base; path = Base.lproj/LaunchScreen.storyboard; sourceTree = "<group>"; };
		492FE07F20A9E24B0012A71A /* Info.plist */ = {isa = PBXFileReference; lastKnownFileType = text.plist.xml; path = Info.plist; sourceTree = "<group>"; };
		497A88D620ADD8D300116CBC /* HistoricalEvents.plist */ = {isa = PBXFileReference; lastKnownFileType = text.plist.xml; path = HistoricalEvents.plist; sourceTree = "<group>"; };
		497A88D820ADF55D00116CBC /* GameManager.swift */ = {isa = PBXFileReference; lastKnownFileType = sourcecode.swift; path = GameManager.swift; sourceTree = "<group>"; };
		497A88DA20ADF57100116CBC /* PlistConverter.swift */ = {isa = PBXFileReference; lastKnownFileType = sourcecode.swift; path = PlistConverter.swift; sourceTree = "<group>"; };
/* End PBXFileReference section */

/* Begin PBXFrameworksBuildPhase section */
		492FE06D20A9E24A0012A71A /* Frameworks */ = {
			isa = PBXFrameworksBuildPhase;
			buildActionMask = 2147483647;
			files = (
			);
			runOnlyForDeploymentPostprocessing = 0;
		};
/* End PBXFrameworksBuildPhase section */

/* Begin PBXGroup section */
		492FE06720A9E24A0012A71A = {
			isa = PBXGroup;
			children = (
				492FE07220A9E24A0012A71A /* Bout Time */,
				492FE07120A9E24A0012A71A /* Products */,
			);
			sourceTree = "<group>";
		};
		492FE07120A9E24A0012A71A /* Products */ = {
			isa = PBXGroup;
			children = (
				492FE07020A9E24A0012A71A /* Bout Time.app */,
			);
			name = Products;
			sourceTree = "<group>";
		};
		492FE07220A9E24A0012A71A /* Bout Time */ = {
			isa = PBXGroup;
			children = (
				492FE07320A9E24A0012A71A /* AppDelegate.swift */,
				492FE07520A9E24A0012A71A /* ViewController.swift */,
				492FE07720A9E24A0012A71A /* Main.storyboard */,
				492FE07A20A9E24B0012A71A /* Assets.xcassets */,
				492FE07C20A9E24B0012A71A /* LaunchScreen.storyboard */,
				492FE07F20A9E24B0012A71A /* Info.plist */,
				497A88D620ADD8D300116CBC /* HistoricalEvents.plist */,
				497A88D820ADF55D00116CBC /* GameManager.swift */,
				497A88DA20ADF57100116CBC /* PlistConverter.swift */,
			);
			path = "Bout Time";
			sourceTree = "<group>";
		};
/* End PBXGroup section */

/* Begin PBXNativeTarget section */
		492FE06F20A9E24A0012A71A /* Bout Time */ = {
			isa = PBXNativeTarget;
			buildConfigurationList = 492FE08220A9E24B0012A71A /* Build configuration list for PBXNativeTarget "Bout Time" */;
			buildPhases = (
				492FE06C20A9E24A0012A71A /* Sources */,
				492FE06D20A9E24A0012A71A /* Frameworks */,
				492FE06E20A9E24A0012A71A /* Resources */,
			);
			buildRules = (
			);
			dependencies = (
			);
			name = "Bout Time";
			productName = "Bout Time";
			productReference = 492FE07020A9E24A0012A71A /* Bout Time.app */;
			productType = "com.apple.product-type.application";
		};
/* End PBXNativeTarget section */

/* Begin PBXProject section */
		492FE06820A9E24A0012A71A /* Project object */ = {
			isa = PBXProject;
			attributes = {
				LastSwiftUpdateCheck = 0930;
				LastUpgradeCheck = 0930;
				ORGANIZATIONNAME = "Thomas Dimnet";
				TargetAttributes = {
					492FE06F20A9E24A0012A71A = {
						CreatedOnToolsVersion = 9.3;
					};
				};
			};
			buildConfigurationList = 492FE06B20A9E24A0012A71A /* Build configuration list for PBXProject "Bout Time" */;
			compatibilityVersion = "Xcode 9.3";
			developmentRegion = en;
			hasScannedForEncodings = 0;
			knownRegions = (
				en,
				Base,
			);
			mainGroup = 492FE06720A9E24A0012A71A;
			productRefGroup = 492FE07120A9E24A0012A71A /* Products */;
			projectDirPath = "";
			projectRoot = "";
			targets = (
				492FE06F20A9E24A0012A71A /* Bout Time */,
			);
		};
/* End PBXProject section */

/* Begin PBXResourcesBuildPhase section */
		492FE06E20A9E24A0012A71A /* Resources */ = {
			isa = PBXResourcesBuildPhase;
			buildActionMask = 2147483647;
			files = (
				492FE07E20A9E24B0012A71A /* LaunchScreen.storyboard in Resources */,
				492FE07B20A9E24B0012A71A /* Assets.xcassets in Resources */,
				492FE07920A9E24A0012A71A /* Main.storyboard in Resources */,
				497A88D720ADD8D300116CBC /* HistoricalEvents.plist in Resources */,
			);
			runOnlyForDeploymentPostprocessing = 0;
		};
/* End PBXResourcesBuildPhase section */

/* Begin PBXSourcesBuildPhase section */
		492FE06C20A9E24A0012A71A /* Sources */ = {
			isa = PBXSourcesBuildPhase;
			buildActionMask = 2147483647;
			files = (
				492FE07620A9E24A0012A71A /* ViewController.swift in Sources */,
				497A88D920ADF55D00116CBC /* GameManager.swift in Sources */,
				492FE07420A9E24A0012A71A /* AppDelegate.swift in Sources */,
				497A88DB20ADF57100116CBC /* PlistConverter.swift in Sources */,
			);
			runOnlyForDeploymentPostprocessing = 0;
		};
/* End PBXSourcesBuildPhase section */

/* Begin PBXVariantGroup section */
		492FE07720A9E24A0012A71A /* Main.storyboard */ = {
			isa = PBXVariantGroup;
			children = (
				492FE07820A9E24A0012A71A /* Base */,
			);
			name = Main.storyboard;
			sourceTree = "<group>";
		};
		492FE07C20A9E24B0012A71A /* LaunchScreen.storyboard */ = {
			isa = PBXVariantGroup;
			children = (
				492FE07D20A9E24B0012A71A /* Base */,
			);
			name = LaunchScreen.storyboard;
			sourceTree = "<group>";
		};
/* End PBXVariantGroup section */

/* Begin XCBuildConfiguration section */
		492FE08020A9E24B0012A71A /* Debug */ = {
			isa = XCBuildConfiguration;
			buildSettings = {
				ALWAYS_SEARCH_USER_PATHS = NO;
				CLANG_ANALYZER_NONNULL = YES;
				CLANG_ANALYZER_NUMBER_OBJECT_CONVERSION = YES_AGGRESSIVE;
				CLANG_CXX_LANGUAGE_STANDARD = "gnu++14";
				CLANG_CXX_LIBRARY = "libc++";
				CLANG_ENABLE_MODULES = YES;
				CLANG_ENABLE_OBJC_ARC = YES;
				CLANG_ENABLE_OBJC_WEAK = YES;
				CLANG_WARN_BLOCK_CAPTURE_AUTORELEASING = YES;
				CLANG_WARN_BOOL_CONVERSION = YES;
				CLANG_WARN_COMMA = YES;
				CLANG_WARN_CONSTANT_CONVERSION = YES;
				CLANG_WARN_DEPRECATED_OBJC_IMPLEMENTATIONS = YES;
				CLANG_WARN_DIRECT_OBJC_ISA_USAGE = YES_ERROR;
				CLANG_WARN_DOCUMENTATION_COMMENTS = YES;
				CLANG_WARN_EMPTY_BODY = YES;
				CLANG_WARN_ENUM_CONVERSION = YES;
				CLANG_WARN_INFINITE_RECURSION = YES;
				CLANG_WARN_INT_CONVERSION = YES;
				CLANG_WARN_NON_LITERAL_NULL_CONVERSION = YES;
				CLANG_WARN_OBJC_IMPLICIT_RETAIN_SELF = YES;
				CLANG_WARN_OBJC_LITERAL_CONVERSION = YES;
				CLANG_WARN_OBJC_ROOT_CLASS = YES_ERROR;
				CLANG_WARN_RANGE_LOOP_ANALYSIS = YES;
				CLANG_WARN_STRICT_PROTOTYPES = YES;
				CLANG_WARN_SUSPICIOUS_MOVE = YES;
				CLANG_WARN_UNGUARDED_AVAILABILITY = YES_AGGRESSIVE;
				CLANG_WARN_UNREACHABLE_CODE = YES;
				CLANG_WARN__DUPLICATE_METHOD_MATCH = YES;
				CODE_SIGN_IDENTITY = "iPhone Developer";
				COPY_PHASE_STRIP = NO;
				DEBUG_INFORMATION_FORMAT = dwarf;
				ENABLE_STRICT_OBJC_MSGSEND = YES;
				ENABLE_TESTABILITY = YES;
				GCC_C_LANGUAGE_STANDARD = gnu11;
				GCC_DYNAMIC_NO_PIC = NO;
				GCC_NO_COMMON_BLOCKS = YES;
				GCC_OPTIMIZATION_LEVEL = 0;
				GCC_PREPROCESSOR_DEFINITIONS = (
					"DEBUG=1",
					"$(inherited)",
				);
				GCC_WARN_64_TO_32_BIT_CONVERSION = YES;
				GCC_WARN_ABOUT_RETURN_TYPE = YES_ERROR;
				GCC_WARN_UNDECLARED_SELECTOR = YES;
				GCC_WARN_UNINITIALIZED_AUTOS = YES_AGGRESSIVE;
				GCC_WARN_UNUSED_FUNCTION = YES;
				GCC_WARN_UNUSED_VARIABLE = YES;
				IPHONEOS_DEPLOYMENT_TARGET = 11.3;
				MTL_ENABLE_DEBUG_INFO = YES;
				ONLY_ACTIVE_ARCH = YES;
				SDKROOT = iphoneos;
				SWIFT_ACTIVE_COMPILATION_CONDITIONS = DEBUG;
				SWIFT_OPTIMIZATION_LEVEL = "-Onone";
			};
			name = Debug;
		};
		492FE08120A9E24B0012A71A /* Release */ = {
			isa = XCBuildConfiguration;
			buildSettings = {
				ALWAYS_SEARCH_USER_PATHS = NO;
				CLANG_ANALYZER_NONNULL = YES;
				CLANG_ANALYZER_NUMBER_OBJECT_CONVERSION = YES_AGGRESSIVE;
				CLANG_CXX_LANGUAGE_STANDARD = "gnu++14";
				CLANG_CXX_LIBRARY = "libc++";
				CLANG_ENABLE_MODULES = YES;
				CLANG_ENABLE_OBJC_ARC = YES;
				CLANG_ENABLE_OBJC_WEAK = YES;
				CLANG_WARN_BLOCK_CAPTURE_AUTORELEASING = YES;
				CLANG_WARN_BOOL_CONVERSION = YES;
				CLANG_WARN_COMMA = YES;
				CLANG_WARN_CONSTANT_CONVERSION = YES;
				CLANG_WARN_DEPRECATED_OBJC_IMPLEMENTATIONS = YES;
				CLANG_WARN_DIRECT_OBJC_ISA_USAGE = YES_ERROR;
				CLANG_WARN_DOCUMENTATION_COMMENTS = YES;
				CLANG_WARN_EMPTY_BODY = YES;
				CLANG_WARN_ENUM_CONVERSION = YES;
				CLANG_WARN_INFINITE_RECURSION = YES;
				CLANG_WARN_INT_CONVERSION = YES;
				CLANG_WARN_NON_LITERAL_NULL_CONVERSION = YES;
				CLANG_WARN_OBJC_IMPLICIT_RETAIN_SELF = YES;
				CLANG_WARN_OBJC_LITERAL_CONVERSION = YES;
				CLANG_WARN_OBJC_ROOT_CLASS = YES_ERROR;
				CLANG_WARN_RANGE_LOOP_ANALYSIS = YES;
				CLANG_WARN_STRICT_PROTOTYPES = YES;
				CLANG_WARN_SUSPICIOUS_MOVE = YES;
				CLANG_WARN_UNGUARDED_AVAILABILITY = YES_AGGRESSIVE;
				CLANG_WARN_UNREACHABLE_CODE = YES;
				CLANG_WARN__DUPLICATE_METHOD_MATCH = YES;
				CODE_SIGN_IDENTITY = "iPhone Developer";
				COPY_PHASE_STRIP = NO;
				DEBUG_INFORMATION_FORMAT = "dwarf-with-dsym";
				ENABLE_NS_ASSERTIONS = NO;
				ENABLE_STRICT_OBJC_MSGSEND = YES;
				GCC_C_LANGUAGE_STANDARD = gnu11;
				GCC_NO_COMMON_BLOCKS = YES;
				GCC_WARN_64_TO_32_BIT_CONVERSION = YES;
				GCC_WARN_ABOUT_RETURN_TYPE = YES_ERROR;
				GCC_WARN_UNDECLARED_SELECTOR = YES;
				GCC_WARN_UNINITIALIZED_AUTOS = YES_AGGRESSIVE;
				GCC_WARN_UNUSED_FUNCTION = YES;
				GCC_WARN_UNUSED_VARIABLE = YES;
				IPHONEOS_DEPLOYMENT_TARGET = 11.3;
				MTL_ENABLE_DEBUG_INFO = NO;
				SDKROOT = iphoneos;
				SWIFT_COMPILATION_MODE = wholemodule;
				SWIFT_OPTIMIZATION_LEVEL = "-O";
				VALIDATE_PRODUCT = YES;
			};
			name = Release;
		};
		492FE08320A9E24B0012A71A /* Debug */ = {
			isa = XCBuildConfiguration;
			buildSettings = {
				ASSETCATALOG_COMPILER_APPICON_NAME = AppIcon;
				CODE_SIGN_STYLE = Automatic;
				DEVELOPMENT_TEAM = K3QP3A3SUZ;
				INFOPLIST_FILE = "Bout Time/Info.plist";
				LD_RUNPATH_SEARCH_PATHS = (
					"$(inherited)",
					"@executable_path/Frameworks",
				);
				PRODUCT_BUNDLE_IDENTIFIER = "com.thomasdimnet.Bout-Time";
				PRODUCT_NAME = "$(TARGET_NAME)";
				SWIFT_VERSION = 4.0;
				TARGETED_DEVICE_FAMILY = 1;
			};
			name = Debug;
		};
		492FE08420A9E24B0012A71A /* Release */ = {
			isa = XCBuildConfiguration;
			buildSettings = {
				ASSETCATALOG_COMPILER_APPICON_NAME = AppIcon;
				CODE_SIGN_STYLE = Automatic;
				DEVELOPMENT_TEAM = K3QP3A3SUZ;
				INFOPLIST_FILE = "Bout Time/Info.plist";
				LD_RUNPATH_SEARCH_PATHS = (
					"$(inherited)",
					"@executable_path/Frameworks",
				);
				PRODUCT_BUNDLE_IDENTIFIER = "com.thomasdimnet.Bout-Time";
				PRODUCT_NAME = "$(TARGET_NAME)";
				SWIFT_VERSION = 4.0;
				TARGETED_DEVICE_FAMILY = 1;
			};
			name = Release;
		};
/* End XCBuildConfiguration section */

/* Begin XCConfigurationList section */
		492FE06B20A9E24A0012A71A /* Build configuration list for PBXProject "Bout Time" */ = {
			isa = XCConfigurationList;
			buildConfigurations = (
				492FE08020A9E24B0012A71A /* Debug */,
				492FE08120A9E24B0012A71A /* Release */,
			);
			defaultConfigurationIsVisible = 0;
			defaultConfigurationName = Release;
		};
		492FE08220A9E24B0012A71A /* Build configuration list for PBXNativeTarget "Bout Time" */ = {
			isa = XCConfigurationList;
			buildConfigurations = (
				492FE08320A9E24B0012A71A /* Debug */,
				492FE08420A9E24B0012A71A /* Release */,
			);
			defaultConfigurationIsVisible = 0;
			defaultConfigurationName = Release;
		};
/* End XCConfigurationList section */
	};
	rootObject = 492FE06820A9E24A0012A71A /* Project object */;
}
